
Microsoft Visual Studio Solution File, Format Version 12.00
# Visual Studio Version 16
VisualStudioVersion = 16.0.29911.98
MinimumVisualStudioVersion = 10.0.40219.1
Project("{9A19103F-16F7-4668-BE54-9A1E7A4F7556}") = "Gang", "Gang\Gang.csproj", "{97D130E7-C77C-4255-AAC1-737AC2FE9415}"
EndProject
Project("{9A19103F-16F7-4668-BE54-9A1E7A4F7556}") = "Gang.WebSockets", "Gang.WebSockets\Gang.WebSockets.csproj", "{708FAC9B-A4FB-49D9-A83B-22F390156250}"
EndProject
Project("{2150E333-8FDC-42A3-9474-1A3956D46DE8}") = "Solution Items", "Solution Items", "{4139EA36-7016-4107-B986-7ACCE8E922E7}"
	ProjectSection(SolutionItems) = preProject
		..\.editorconfig = ..\.editorconfig
		..\.gitignore = ..\.gitignore
		..\nuget.config = ..\nuget.config
		..\README.md = ..\README.md
	EndProjectSection
EndProject
Project("{9A19103F-16F7-4668-BE54-9A1E7A4F7556}") = "Gang.Tests", "Gang.Tests\Gang.Tests.csproj", "{3CDD89C7-1673-489C-9592-FF92892530ED}"
EndProject
Project("{9A19103F-16F7-4668-BE54-9A1E7A4F7556}") = "Gang.Authentication", "Gang.Authentication\Gang.Authentication.csproj", "{C4A6DB6A-12F5-4585-9EF7-480097CC161D}"
EndProject
Project("{9A19103F-16F7-4668-BE54-9A1E7A4F7556}") = "Gang.State", "Gang.State\Gang.State.csproj", "{4A58ADBC-4F2A-409D-AE7A-F9C1A9A5D655}"
EndProject
Project("{2150E333-8FDC-42A3-9474-1A3956D46DE8}") = "Demo", "Demo", "{70B461B8-D389-4BA3-A5F6-B6FE9F53453B}"
EndProject
Project("{9A19103F-16F7-4668-BE54-9A1E7A4F7556}") = "Gang.Demo.Web", "Gang.Demo.Web\Gang.Demo.Web.csproj", "{1618DF24-9F3A-4993-968D-E8B2EC891704}"
EndProject
Project("{9A19103F-16F7-4668-BE54-9A1E7A4F7556}") = "Gang.Demo.Tests", "Gang.Demo.Tests\Gang.Demo.Tests.csproj", "{7F3541E8-A037-4C30-AD16-E0C9927B6C38}"
EndProject
Project("{2150E333-8FDC-42A3-9474-1A3956D46DE8}") = "BattleMaths", "BattleMaths", "{4A485EDA-9556-400A-B02C-977974C2889E}"
EndProject
Project("{9A19103F-16F7-4668-BE54-9A1E7A4F7556}") = "BattleMaths.Web", "BattleMaths.Web\BattleMaths.Web.csproj", "{7FFB68BC-CA7E-4342-8685-D45BF6F09E8A}"
EndProject
Global
	GlobalSection(SolutionConfigurationPlatforms) = preSolution
		Debug|Any CPU = Debug|Any CPU
		Release|Any CPU = Release|Any CPU
	EndGlobalSection
	GlobalSection(ProjectConfigurationPlatforms) = postSolution
		{97D130E7-C77C-4255-AAC1-737AC2FE9415}.Debug|Any CPU.ActiveCfg = Debug|Any CPU
		{97D130E7-C77C-4255-AAC1-737AC2FE9415}.Debug|Any CPU.Build.0 = Debug|Any CPU
		{97D130E7-C77C-4255-AAC1-737AC2FE9415}.Release|Any CPU.ActiveCfg = Release|Any CPU
		{97D130E7-C77C-4255-AAC1-737AC2FE9415}.Release|Any CPU.Build.0 = Release|Any CPU
		{708FAC9B-A4FB-49D9-A83B-22F390156250}.Debug|Any CPU.ActiveCfg = Debug|Any CPU
		{708FAC9B-A4FB-49D9-A83B-22F390156250}.Debug|Any CPU.Build.0 = Debug|Any CPU
		{708FAC9B-A4FB-49D9-A83B-22F390156250}.Release|Any CPU.ActiveCfg = Release|Any CPU
		{708FAC9B-A4FB-49D9-A83B-22F390156250}.Release|Any CPU.Build.0 = Release|Any CPU
		{3CDD89C7-1673-489C-9592-FF92892530ED}.Debug|Any CPU.ActiveCfg = Debug|Any CPU
		{3CDD89C7-1673-489C-9592-FF92892530ED}.Debug|Any CPU.Build.0 = Debug|Any CPU
		{3CDD89C7-1673-489C-9592-FF92892530ED}.Release|Any CPU.ActiveCfg = Release|Any CPU
		{3CDD89C7-1673-489C-9592-FF92892530ED}.Release|Any CPU.Build.0 = Release|Any CPU
		{C4A6DB6A-12F5-4585-9EF7-480097CC161D}.Debug|Any CPU.ActiveCfg = Debug|Any CPU
		{C4A6DB6A-12F5-4585-9EF7-480097CC161D}.Debug|Any CPU.Build.0 = Debug|Any CPU
		{C4A6DB6A-12F5-4585-9EF7-480097CC161D}.Release|Any CPU.ActiveCfg = Release|Any CPU
		{C4A6DB6A-12F5-4585-9EF7-480097CC161D}.Release|Any CPU.Build.0 = Release|Any CPU
		{4A58ADBC-4F2A-409D-AE7A-F9C1A9A5D655}.Debug|Any CPU.ActiveCfg = Debug|Any CPU
		{4A58ADBC-4F2A-409D-AE7A-F9C1A9A5D655}.Debug|Any CPU.Build.0 = Debug|Any CPU
		{4A58ADBC-4F2A-409D-AE7A-F9C1A9A5D655}.Release|Any CPU.ActiveCfg = Release|Any CPU
		{4A58ADBC-4F2A-409D-AE7A-F9C1A9A5D655}.Release|Any CPU.Build.0 = Release|Any CPU
		{1618DF24-9F3A-4993-968D-E8B2EC891704}.Debug|Any CPU.ActiveCfg = Debug|Any CPU
		{1618DF24-9F3A-4993-968D-E8B2EC891704}.Debug|Any CPU.Build.0 = Debug|Any CPU
		{1618DF24-9F3A-4993-968D-E8B2EC891704}.Release|Any CPU.ActiveCfg = Release|Any CPU
		{1618DF24-9F3A-4993-968D-E8B2EC891704}.Release|Any CPU.Build.0 = Release|Any CPU
		{7F3541E8-A037-4C30-AD16-E0C9927B6C38}.Debug|Any CPU.ActiveCfg = Debug|Any CPU
		{7F3541E8-A037-4C30-AD16-E0C9927B6C38}.Debug|Any CPU.Build.0 = Debug|Any CPU
		{7F3541E8-A037-4C30-AD16-E0C9927B6C38}.Release|Any CPU.ActiveCfg = Release|Any CPU
		{7F3541E8-A037-4C30-AD16-E0C9927B6C38}.Release|Any CPU.Build.0 = Release|Any CPU
		{7FFB68BC-CA7E-4342-8685-D45BF6F09E8A}.Debug|Any CPU.ActiveCfg = Debug|Any CPU
		{7FFB68BC-CA7E-4342-8685-D45BF6F09E8A}.Debug|Any CPU.Build.0 = Debug|Any CPU
		{7FFB68BC-CA7E-4342-8685-D45BF6F09E8A}.Release|Any CPU.ActiveCfg = Release|Any CPU
		{7FFB68BC-CA7E-4342-8685-D45BF6F09E8A}.Release|Any CPU.Build.0 = Release|Any CPU
	EndGlobalSection
	GlobalSection(SolutionProperties) = preSolution
		HideSolutionNode = FALSE
	EndGlobalSection
	GlobalSection(NestedProjects) = preSolution
		{1618DF24-9F3A-4993-968D-E8B2EC891704} = {70B461B8-D389-4BA3-A5F6-B6FE9F53453B}
		{7F3541E8-A037-4C30-AD16-E0C9927B6C38} = {70B461B8-D389-4BA3-A5F6-B6FE9F53453B}
		{7FFB68BC-CA7E-4342-8685-D45BF6F09E8A} = {4A485EDA-9556-400A-B02C-977974C2889E}
	EndGlobalSection
	GlobalSection(ExtensibilityGlobals) = postSolution
		SolutionGuid = {85FFCB54-0B45-40AA-99CE-057F28B2CC47}
	EndGlobalSection
EndGlobal
